
Microsoft Visual Studio Solution File, Format Version 12.00
# Visual Studio Version 16
VisualStudioVersion = 16.0.35130.168
MinimumVisualStudioVersion = 10.0.40219.1
Project("{FAE04EC0-301F-11D3-BF4B-00C04F79EFBC}") = "netcore", "netcore\netcore.csproj", "{48129C04-3E87-41E2-A76A-884F1EC4BAE1}"
EndProject
Project("{FAE04EC0-301F-11D3-BF4B-00C04F79EFBC}") = "netframework", "netframework\netframework.csproj", "{40966728-DCB6-4B10-A798-0764FBD9A5CE}"
EndProject
Global
	GlobalSection(SolutionConfigurationPlatforms) = preSolution
		Debug|Any CPU = Debug|Any CPU
		Release|Any CPU = Release|Any CPU
	EndGlobalSection
	GlobalSection(ProjectConfigurationPlatforms) = postSolution
		{48129C04-3E87-41E2-A76A-884F1EC4BAE1}.Debug|Any CPU.ActiveCfg = Debug|Any CPU
		{48129C04-3E87-41E2-A76A-884F1EC4BAE1}.Debug|Any CPU.Build.0 = Debug|Any CPU
		{48129C04-3E87-41E2-A76A-884F1EC4BAE1}.Release|Any CPU.ActiveCfg = Release|Any CPU
		{48129C04-3E87-41E2-A76A-884F1EC4BAE1}.Release|Any CPU.Build.0 = Release|Any CPU
		{40966728-DCB6-4B10-A798-0764FBD9A5CE}.Debug|Any CPU.ActiveCfg = Debug|Any CPU
		{40966728-DCB6-4B10-A798-0764FBD9A5CE}.Debug|Any CPU.Build.0 = Debug|Any CPU
		{40966728-DCB6-4B10-A798-0764FBD9A5CE}.Release|Any CPU.ActiveCfg = Release|Any CPU
		{40966728-DCB6-4B10-A798-0764FBD9A5CE}.Release|Any CPU.Build.0 = Release|Any CPU
	EndGlobalSection
	GlobalSection(SolutionProperties) = preSolution
		HideSolutionNode = FALSE
	EndGlobalSection
	GlobalSection(ExtensibilityGlobals) = postSolution
		SolutionGuid = {2BEEE2F6-C0D5-42C4-926C-9706F5585F35}
	EndGlobalSection
EndGlobal
